{
  "name": "generative-ai2",
  "version": "1.0.0",
  "lockfileVersion": 3,
  "requires": true,
  "packages": {
    "": {
      "name": "generative-ai2",
      "version": "1.0.0",
      "license": "ISC",
      "dependencies": {
        "generative-ai": "^0.1.4"
      }
    },
    "node_modules/generative-ai": {
      "version": "0.1.4",
      "resolved": "https://registry.npmjs.org/generative-ai/-/generative-ai-0.1.4.tgz",
      "integrity": "sha512-LEzvbciabASxQFtJ3sGw/ePjPwl2F++xPEjXZ404vM78OSWY4TWSOw9jwDfU61onm2oQEIxrXqQidDQaOxUegA==",
      "license": "Apache-2.0",
      "engines": {
        "node": ">=18.0.0"
      }
    }
  }
}
